// !$*UTF8*$!
{
	archiveVersion = 1;
	classes = {
	};
	objectVersion = 50;
	objects = {

/* Begin PBXBuildFile section */
		3137260625C0997C00440773 /* CustomVideoPlayer.swift in Sources */ = {isa = PBXBuildFile; fileRef = 3137260525C0997C00440773 /* CustomVideoPlayer.swift */; };
		3137260B25C0A0A000440773 /* LoadingStateView.swift in Sources */ = {isa = PBXBuildFile; fileRef = 3137260A25C0A0A000440773 /* LoadingStateView.swift */; };
		31AE8D4625BE069700FEB4F7 /* TestApp.swift in Sources */ = {isa = PBXBuildFile; fileRef = 31AE8D4525BE069700FEB4F7 /* TestApp.swift */; };
		31AE8D4825BE069700FEB4F7 /* ContentView.swift in Sources */ = {isa = PBXBuildFile; fileRef = 31AE8D4725BE069700FEB4F7 /* ContentView.swift */; };
		31AE8D4A25BE069A00FEB4F7 /* Assets.xcassets in Resources */ = {isa = PBXBuildFile; fileRef = 31AE8D4925BE069A00FEB4F7 /* Assets.xcassets */; };
		31AE8D4D25BE069A00FEB4F7 /* Preview Assets.xcassets in Resources */ = {isa = PBXBuildFile; fileRef = 31AE8D4C25BE069A00FEB4F7 /* Preview Assets.xcassets */; };
		31AE8D5825BE069A00FEB4F7 /* TestTests.swift in Sources */ = {isa = PBXBuildFile; fileRef = 31AE8D5725BE069A00FEB4F7 /* TestTests.swift */; };
		31AE8D6325BE069A00FEB4F7 /* TestUITests.swift in Sources */ = {isa = PBXBuildFile; fileRef = 31AE8D6225BE069A00FEB4F7 /* TestUITests.swift */; };
		31AE8D8125BE882800FEB4F7 /* Category.swift in Sources */ = {isa = PBXBuildFile; fileRef = 31AE8D8025BE882800FEB4F7 /* Category.swift */; };
		31AE8D8B25BED8C000FEB4F7 /* ImageLoader.swift in Sources */ = {isa = PBXBuildFile; fileRef = 31AE8D8A25BED8BF00FEB4F7 /* ImageLoader.swift */; };
		31AE8D9325BED8F800FEB4F7 /* AsyncImage.swift in Sources */ = {isa = PBXBuildFile; fileRef = 31AE8D9225BED8F800FEB4F7 /* AsyncImage.swift */; };
		31AE8D9B25BF0C2800FEB4F7 /* VideoPlayerView.swift in Sources */ = {isa = PBXBuildFile; fileRef = 31AE8D9A25BF0C2800FEB4F7 /* VideoPlayerView.swift */; };
		31AE8DA325BF0F7200FEB4F7 /* Video.swift in Sources */ = {isa = PBXBuildFile; fileRef = 31AE8DA225BF0F7200FEB4F7 /* Video.swift */; };
		31AE8DA925BF0FF700FEB4F7 /* Services.swift in Sources */ = {isa = PBXBuildFile; fileRef = 31AE8DA825BF0FF700FEB4F7 /* Services.swift */; };
		31AE8DB125BF4BBB00FEB4F7 /* Extentions.swift in Sources */ = {isa = PBXBuildFile; fileRef = 31AE8DB025BF4BBA00FEB4F7 /* Extentions.swift */; };
		31AE8DB625C025F300FEB4F7 /* FullScreenButtonView.swift in Sources */ = {isa = PBXBuildFile; fileRef = 31AE8DB525C025F200FEB4F7 /* FullScreenButtonView.swift */; };
/* End PBXBuildFile section */

/* Begin PBXContainerItemProxy section */
		31AE8D5425BE069A00FEB4F7 /* PBXContainerItemProxy */ = {
			isa = PBXContainerItemProxy;
			containerPortal = 31AE8D3A25BE069700FEB4F7 /* Project object */;
			proxyType = 1;
			remoteGlobalIDString = 31AE8D4125BE069700FEB4F7;
			remoteInfo = Test;
		};
		31AE8D5F25BE069A00FEB4F7 /* PBXContainerItemProxy */ = {
			isa = PBXContainerItemProxy;
			containerPortal = 31AE8D3A25BE069700FEB4F7 /* Project object */;
			proxyType = 1;
			remoteGlobalIDString = 31AE8D4125BE069700FEB4F7;
			remoteInfo = Test;
		};
/* End PBXContainerItemProxy section */

/* Begin PBXFileReference section */
		3137260525C0997C00440773 /* CustomVideoPlayer.swift */ = {isa = PBXFileReference; lastKnownFileType = sourcecode.swift; path = CustomVideoPlayer.swift; sourceTree = "<group>"; };
		3137260A25C0A0A000440773 /* LoadingStateView.swift */ = {isa = PBXFileReference; lastKnownFileType = sourcecode.swift; path = LoadingStateView.swift; sourceTree = "<group>"; };
		31AE8D4225BE069700FEB4F7 /* Test.app */ = {isa = PBXFileReference; explicitFileType = wrapper.application; includeInIndex = 0; path = Test.app; sourceTree = BUILT_PRODUCTS_DIR; };
		31AE8D4525BE069700FEB4F7 /* TestApp.swift */ = {isa = PBXFileReference; lastKnownFileType = sourcecode.swift; path = TestApp.swift; sourceTree = "<group>"; };
		31AE8D4725BE069700FEB4F7 /* ContentView.swift */ = {isa = PBXFileReference; lastKnownFileType = sourcecode.swift; path = ContentView.swift; sourceTree = "<group>"; };
		31AE8D4925BE069A00FEB4F7 /* Assets.xcassets */ = {isa = PBXFileReference; lastKnownFileType = folder.assetcatalog; path = Assets.xcassets; sourceTree = "<group>"; };
		31AE8D4C25BE069A00FEB4F7 /* Preview Assets.xcassets */ = {isa = PBXFileReference; lastKnownFileType = folder.assetcatalog; path = "Preview Assets.xcassets"; sourceTree = "<group>"; };
		31AE8D4E25BE069A00FEB4F7 /* Info.plist */ = {isa = PBXFileReference; lastKnownFileType = text.plist.xml; path = Info.plist; sourceTree = "<group>"; };
		31AE8D5325BE069A00FEB4F7 /* TestTests.xctest */ = {isa = PBXFileReference; explicitFileType = wrapper.cfbundle; includeInIndex = 0; path = TestTests.xctest; sourceTree = BUILT_PRODUCTS_DIR; };
		31AE8D5725BE069A00FEB4F7 /* TestTests.swift */ = {isa = PBXFileReference; lastKnownFileType = sourcecode.swift; path = TestTests.swift; sourceTree = "<group>"; };
		31AE8D5925BE069A00FEB4F7 /* Info.plist */ = {isa = PBXFileReference; lastKnownFileType = text.plist.xml; path = Info.plist; sourceTree = "<group>"; };
		31AE8D5E25BE069A00FEB4F7 /* TestUITests.xctest */ = {isa = PBXFileReference; explicitFileType = wrapper.cfbundle; includeInIndex = 0; path = TestUITests.xctest; sourceTree = BUILT_PRODUCTS_DIR; };
		31AE8D6225BE069A00FEB4F7 /* TestUITests.swift */ = {isa = PBXFileReference; lastKnownFileType = sourcecode.swift; path = TestUITests.swift; sourceTree = "<group>"; };
		31AE8D6425BE069A00FEB4F7 /* Info.plist */ = {isa = PBXFileReference; lastKnownFileType = text.plist.xml; path = Info.plist; sourceTree = "<group>"; };
		31AE8D8025BE882800FEB4F7 /* Category.swift */ = {isa = PBXFileReference; lastKnownFileType = sourcecode.swift; path = Category.swift; sourceTree = "<group>"; };
		31AE8D8A25BED8BF00FEB4F7 /* ImageLoader.swift */ = {isa = PBXFileReference; lastKnownFileType = sourcecode.swift; path = ImageLoader.swift; sourceTree = "<group>"; };
		31AE8D9225BED8F800FEB4F7 /* AsyncImage.swift */ = {isa = PBXFileReference; lastKnownFileType = sourcecode.swift; path = AsyncImage.swift; sourceTree = "<group>"; };
		31AE8D9A25BF0C2800FEB4F7 /* VideoPlayerView.swift */ = {isa = PBXFileReference; lastKnownFileType = sourcecode.swift; path = VideoPlayerView.swift; sourceTree = "<group>"; };
		31AE8DA225BF0F7200FEB4F7 /* Video.swift */ = {isa = PBXFileReference; lastKnownFileType = sourcecode.swift; path = Video.swift; sourceTree = "<group>"; };
		31AE8DA825BF0FF700FEB4F7 /* Services.swift */ = {isa = PBXFileReference; lastKnownFileType = sourcecode.swift; path = Services.swift; sourceTree = "<group>"; };
		31AE8DB025BF4BBA00FEB4F7 /* Extentions.swift */ = {isa = PBXFileReference; lastKnownFileType = sourcecode.swift; path = Extentions.swift; sourceTree = "<group>"; };
		31AE8DB525C025F200FEB4F7 /* FullScreenButtonView.swift */ = {isa = PBXFileReference; lastKnownFileType = sourcecode.swift; path = FullScreenButtonView.swift; sourceTree = "<group>"; };
/* End PBXFileReference section */

/* Begin PBXFrameworksBuildPhase section */
		31AE8D3F25BE069700FEB4F7 /* Frameworks */ = {
			isa = PBXFrameworksBuildPhase;
			buildActionMask = 2147483647;
			files = (
			);
			runOnlyForDeploymentPostprocessing = 0;
		};
		31AE8D5025BE069A00FEB4F7 /* Frameworks */ = {
			isa = PBXFrameworksBuildPhase;
			buildActionMask = 2147483647;
			files = (
			);
			runOnlyForDeploymentPostprocessing = 0;
		};
		31AE8D5B25BE069A00FEB4F7 /* Frameworks */ = {
			isa = PBXFrameworksBuildPhase;
			buildActionMask = 2147483647;
			files = (
			);
			runOnlyForDeploymentPostprocessing = 0;
		};
/* End PBXFrameworksBuildPhase section */

/* Begin PBXGroup section */
		31AE8D3925BE069700FEB4F7 = {
			isa = PBXGroup;
			children = (
				31AE8D4425BE069700FEB4F7 /* Test */,
				31AE8D5625BE069A00FEB4F7 /* TestTests */,
				31AE8D6125BE069A00FEB4F7 /* TestUITests */,
				31AE8D4325BE069700FEB4F7 /* Products */,
			);
			sourceTree = "<group>";
		};
		31AE8D4325BE069700FEB4F7 /* Products */ = {
			isa = PBXGroup;
			children = (
				31AE8D4225BE069700FEB4F7 /* Test.app */,
				31AE8D5325BE069A00FEB4F7 /* TestTests.xctest */,
				31AE8D5E25BE069A00FEB4F7 /* TestUITests.xctest */,
			);
			name = Products;
			sourceTree = "<group>";
		};
		31AE8D4425BE069700FEB4F7 /* Test */ = {
			isa = PBXGroup;
			children = (
				31AE8DA725BF0FE500FEB4F7 /* APIService */,
				31AE8D8825BED88900FEB4F7 /* View */,
				31AE8D7F25BE881300FEB4F7 /* Model */,
				31AE8D4525BE069700FEB4F7 /* TestApp.swift */,
				31AE8D4925BE069A00FEB4F7 /* Assets.xcassets */,
				31AE8D4E25BE069A00FEB4F7 /* Info.plist */,
				31AE8D4B25BE069A00FEB4F7 /* Preview Content */,
				31AE8DB025BF4BBA00FEB4F7 /* Extentions.swift */,
			);
			path = Test;
			sourceTree = "<group>";
		};
		31AE8D4B25BE069A00FEB4F7 /* Preview Content */ = {
			isa = PBXGroup;
			children = (
				31AE8D4C25BE069A00FEB4F7 /* Preview Assets.xcassets */,
			);
			path = "Preview Content";
			sourceTree = "<group>";
		};
		31AE8D5625BE069A00FEB4F7 /* TestTests */ = {
			isa = PBXGroup;
			children = (
				31AE8D5725BE069A00FEB4F7 /* TestTests.swift */,
				31AE8D5925BE069A00FEB4F7 /* Info.plist */,
			);
			path = TestTests;
			sourceTree = "<group>";
		};
		31AE8D6125BE069A00FEB4F7 /* TestUITests */ = {
			isa = PBXGroup;
			children = (
				31AE8D6225BE069A00FEB4F7 /* TestUITests.swift */,
				31AE8D6425BE069A00FEB4F7 /* Info.plist */,
			);
			path = TestUITests;
			sourceTree = "<group>";
		};
		31AE8D7F25BE881300FEB4F7 /* Model */ = {
			isa = PBXGroup;
			children = (
				31AE8D8025BE882800FEB4F7 /* Category.swift */,
				31AE8DA225BF0F7200FEB4F7 /* Video.swift */,
			);
			path = Model;
			sourceTree = "<group>";
		};
		31AE8D8825BED88900FEB4F7 /* View */ = {
			isa = PBXGroup;
			children = (
				31AE8D4725BE069700FEB4F7 /* ContentView.swift */,
				31AE8D8925BED89100FEB4F7 /* Image */,
				31AE8D9A25BF0C2800FEB4F7 /* VideoPlayerView.swift */,
				31AE8DB525C025F200FEB4F7 /* FullScreenButtonView.swift */,
				3137260525C0997C00440773 /* CustomVideoPlayer.swift */,
				3137260A25C0A0A000440773 /* LoadingStateView.swift */,
			);
			path = View;
			sourceTree = "<group>";
		};
		31AE8D8925BED89100FEB4F7 /* Image */ = {
			isa = PBXGroup;
			children = (
				31AE8D8A25BED8BF00FEB4F7 /* ImageLoader.swift */,
				31AE8D9225BED8F800FEB4F7 /* AsyncImage.swift */,
			);
			path = Image;
			sourceTree = "<group>";
		};
		31AE8DA725BF0FE500FEB4F7 /* APIService */ = {
			isa = PBXGroup;
			children = (
				31AE8DA825BF0FF700FEB4F7 /* Services.swift */,
			);
			path = APIService;
			sourceTree = "<group>";
		};
/* End PBXGroup section */

/* Begin PBXNativeTarget section */
		31AE8D4125BE069700FEB4F7 /* Test */ = {
			isa = PBXNativeTarget;
			buildConfigurationList = 31AE8D6725BE069A00FEB4F7 /* Build configuration list for PBXNativeTarget "Test" */;
			buildPhases = (
				31AE8D3E25BE069700FEB4F7 /* Sources */,
				31AE8D3F25BE069700FEB4F7 /* Frameworks */,
				31AE8D4025BE069700FEB4F7 /* Resources */,
			);
			buildRules = (
			);
			dependencies = (
			);
			name = Test;
			productName = Test;
			productReference = 31AE8D4225BE069700FEB4F7 /* Test.app */;
			productType = "com.apple.product-type.application";
		};
		31AE8D5225BE069A00FEB4F7 /* TestTests */ = {
			isa = PBXNativeTarget;
			buildConfigurationList = 31AE8D6A25BE069A00FEB4F7 /* Build configuration list for PBXNativeTarget "TestTests" */;
			buildPhases = (
				31AE8D4F25BE069A00FEB4F7 /* Sources */,
				31AE8D5025BE069A00FEB4F7 /* Frameworks */,
				31AE8D5125BE069A00FEB4F7 /* Resources */,
			);
			buildRules = (
			);
			dependencies = (
				31AE8D5525BE069A00FEB4F7 /* PBXTargetDependency */,
			);
			name = TestTests;
			productName = TestTests;
			productReference = 31AE8D5325BE069A00FEB4F7 /* TestTests.xctest */;
			productType = "com.apple.product-type.bundle.unit-test";
		};
		31AE8D5D25BE069A00FEB4F7 /* TestUITests */ = {
			isa = PBXNativeTarget;
			buildConfigurationList = 31AE8D6D25BE069A00FEB4F7 /* Build configuration list for PBXNativeTarget "TestUITests" */;
			buildPhases = (
				31AE8D5A25BE069A00FEB4F7 /* Sources */,
				31AE8D5B25BE069A00FEB4F7 /* Frameworks */,
				31AE8D5C25BE069A00FEB4F7 /* Resources */,
			);
			buildRules = (
			);
			dependencies = (
				31AE8D6025BE069A00FEB4F7 /* PBXTargetDependency */,
			);
			name = TestUITests;
			productName = TestUITests;
			productReference = 31AE8D5E25BE069A00FEB4F7 /* TestUITests.xctest */;
			productType = "com.apple.product-type.bundle.ui-testing";
		};
/* End PBXNativeTarget section */

/* Begin PBXProject section */
		31AE8D3A25BE069700FEB4F7 /* Project object */ = {
			isa = PBXProject;
			attributes = {
				LastSwiftUpdateCheck = 1230;
				LastUpgradeCheck = 1230;
				TargetAttributes = {
					31AE8D4125BE069700FEB4F7 = {
						CreatedOnToolsVersion = 12.3;
					};
					31AE8D5225BE069A00FEB4F7 = {
						CreatedOnToolsVersion = 12.3;
						TestTargetID = 31AE8D4125BE069700FEB4F7;
					};
					31AE8D5D25BE069A00FEB4F7 = {
						CreatedOnToolsVersion = 12.3;
						TestTargetID = 31AE8D4125BE069700FEB4F7;
					};
				};
			};
			buildConfigurationList = 31AE8D3D25BE069700FEB4F7 /* Build configuration list for PBXProject "Test" */;
			compatibilityVersion = "Xcode 9.3";
			developmentRegion = en;
			hasScannedForEncodings = 0;
			knownRegions = (
				en,
				Base,
			);
			mainGroup = 31AE8D3925BE069700FEB4F7;
			productRefGroup = 31AE8D4325BE069700FEB4F7 /* Products */;
			projectDirPath = "";
			projectRoot = "";
			targets = (
				31AE8D4125BE069700FEB4F7 /* Test */,
				31AE8D5225BE069A00FEB4F7 /* TestTests */,
				31AE8D5D25BE069A00FEB4F7 /* TestUITests */,
			);
		};
/* End PBXProject section */

/* Begin PBXResourcesBuildPhase section */
		31AE8D4025BE069700FEB4F7 /* Resources */ = {
			isa = PBXResourcesBuildPhase;
			buildActionMask = 2147483647;
			files = (
				31AE8D4D25BE069A00FEB4F7 /* Preview Assets.xcassets in Resources */,
				31AE8D4A25BE069A00FEB4F7 /* Assets.xcassets in Resources */,
			);
			runOnlyForDeploymentPostprocessing = 0;
		};
		31AE8D5125BE069A00FEB4F7 /* Resources */ = {
			isa = PBXResourcesBuildPhase;
			buildActionMask = 2147483647;
			files = (
			);
			runOnlyForDeploymentPostprocessing = 0;
		};
		31AE8D5C25BE069A00FEB4F7 /* Resources */ = {
			isa = PBXResourcesBuildPhase;
			buildActionMask = 2147483647;
			files = (
			);
			runOnlyForDeploymentPostprocessing = 0;
		};
/* End PBXResourcesBuildPhase section */

/* Begin PBXSourcesBuildPhase section */
		31AE8D3E25BE069700FEB4F7 /* Sources */ = {
			isa = PBXSourcesBuildPhase;
			buildActionMask = 2147483647;
			files = (
				31AE8D9325BED8F800FEB4F7 /* AsyncImage.swift in Sources */,
				31AE8D4825BE069700FEB4F7 /* ContentView.swift in Sources */,
				31AE8D4625BE069700FEB4F7 /* TestApp.swift in Sources */,
				3137260B25C0A0A000440773 /* LoadingStateView.swift in Sources */,
				31AE8DB625C025F300FEB4F7 /* FullScreenButtonView.swift in Sources */,
				3137260625C0997C00440773 /* CustomVideoPlayer.swift in Sources */,
				31AE8D8B25BED8C000FEB4F7 /* ImageLoader.swift in Sources */,
				31AE8D8125BE882800FEB4F7 /* Category.swift in Sources */,
				31AE8DA925BF0FF700FEB4F7 /* Services.swift in Sources */,
				31AE8DA325BF0F7200FEB4F7 /* Video.swift in Sources */,
				31AE8D9B25BF0C2800FEB4F7 /* VideoPlayerView.swift in Sources */,
				31AE8DB125BF4BBB00FEB4F7 /* Extentions.swift in Sources */,
			);
			runOnlyForDeploymentPostprocessing = 0;
		};
		31AE8D4F25BE069A00FEB4F7 /* Sources */ = {
			isa = PBXSourcesBuildPhase;
			buildActionMask = 2147483647;
			files = (
				31AE8D5825BE069A00FEB4F7 /* TestTests.swift in Sources */,
			);
			runOnlyForDeploymentPostprocessing = 0;
		};
		31AE8D5A25BE069A00FEB4F7 /* Sources */ = {
			isa = PBXSourcesBuildPhase;
			buildActionMask = 2147483647;
			files = (
				31AE8D6325BE069A00FEB4F7 /* TestUITests.swift in Sources */,
			);
			runOnlyForDeploymentPostprocessing = 0;
		};
/* End PBXSourcesBuildPhase section */

/* Begin PBXTargetDependency section */
		31AE8D5525BE069A00FEB4F7 /* PBXTargetDependency */ = {
			isa = PBXTargetDependency;
			target = 31AE8D4125BE069700FEB4F7 /* Test */;
			targetProxy = 31AE8D5425BE069A00FEB4F7 /* PBXContainerItemProxy */;
		};
		31AE8D6025BE069A00FEB4F7 /* PBXTargetDependency */ = {
			isa = PBXTargetDependency;
			target = 31AE8D4125BE069700FEB4F7 /* Test */;
			targetProxy = 31AE8D5F25BE069A00FEB4F7 /* PBXContainerItemProxy */;
		};
/* End PBXTargetDependency section */

/* Begin XCBuildConfiguration section */
		31AE8D6525BE069A00FEB4F7 /* Debug */ = {
			isa = XCBuildConfiguration;
			buildSettings = {
				ALWAYS_SEARCH_USER_PATHS = NO;
				CLANG_ANALYZER_NONNULL = YES;
				CLANG_ANALYZER_NUMBER_OBJECT_CONVERSION = YES_AGGRESSIVE;
				CLANG_CXX_LANGUAGE_STANDARD = "gnu++14";
				CLANG_CXX_LIBRARY = "libc++";
				CLANG_ENABLE_MODULES = YES;
				CLANG_ENABLE_OBJC_ARC = YES;
				CLANG_ENABLE_OBJC_WEAK = YES;
				CLANG_WARN_BLOCK_CAPTURE_AUTORELEASING = YES;
				CLANG_WARN_BOOL_CONVERSION = YES;
				CLANG_WARN_COMMA = YES;
				CLANG_WARN_CONSTANT_CONVERSION = YES;
				CLANG_WARN_DEPRECATED_OBJC_IMPLEMENTATIONS = YES;
				CLANG_WARN_DIRECT_OBJC_ISA_USAGE = YES_ERROR;
				CLANG_WARN_DOCUMENTATION_COMMENTS = YES;
				CLANG_WARN_EMPTY_BODY = YES;
				CLANG_WARN_ENUM_CONVERSION = YES;
				CLANG_WARN_INFINITE_RECURSION = YES;
				CLANG_WARN_INT_CONVERSION = YES;
				CLANG_WARN_NON_LITERAL_NULL_CONVERSION = YES;
				CLANG_WARN_OBJC_IMPLICIT_RETAIN_SELF = YES;
				CLANG_WARN_OBJC_LITERAL_CONVERSION = YES;
				CLANG_WARN_OBJC_ROOT_CLASS = YES_ERROR;
				CLANG_WARN_QUOTED_INCLUDE_IN_FRAMEWORK_HEADER = YES;
				CLANG_WARN_RANGE_LOOP_ANALYSIS = YES;
				CLANG_WARN_STRICT_PROTOTYPES = YES;
				CLANG_WARN_SUSPICIOUS_MOVE = YES;
				CLANG_WARN_UNGUARDED_AVAILABILITY = YES_AGGRESSIVE;
				CLANG_WARN_UNREACHABLE_CODE = YES;
				CLANG_WARN__DUPLICATE_METHOD_MATCH = YES;
				COPY_PHASE_STRIP = NO;
				DEBUG_INFORMATION_FORMAT = dwarf;
				ENABLE_STRICT_OBJC_MSGSEND = YES;
				ENABLE_TESTABILITY = YES;
				GCC_C_LANGUAGE_STANDARD = gnu11;
				GCC_DYNAMIC_NO_PIC = NO;
				GCC_NO_COMMON_BLOCKS = YES;
				GCC_OPTIMIZATION_LEVEL = 0;
				GCC_PREPROCESSOR_DEFINITIONS = (
					"DEBUG=1",
					"$(inherited)",
				);
				GCC_WARN_64_TO_32_BIT_CONVERSION = YES;
				GCC_WARN_ABOUT_RETURN_TYPE = YES_ERROR;
				GCC_WARN_UNDECLARED_SELECTOR = YES;
				GCC_WARN_UNINITIALIZED_AUTOS = YES_AGGRESSIVE;
				GCC_WARN_UNUSED_FUNCTION = YES;
				GCC_WARN_UNUSED_VARIABLE = YES;
				IPHONEOS_DEPLOYMENT_TARGET = 14.3;
				MTL_ENABLE_DEBUG_INFO = INCLUDE_SOURCE;
				MTL_FAST_MATH = YES;
				ONLY_ACTIVE_ARCH = YES;
				SDKROOT = iphoneos;
				SWIFT_ACTIVE_COMPILATION_CONDITIONS = DEBUG;
				SWIFT_OPTIMIZATION_LEVEL = "-Onone";
			};
			name = Debug;
		};
		31AE8D6625BE069A00FEB4F7 /* Release */ = {
			isa = XCBuildConfiguration;
			buildSettings = {
				ALWAYS_SEARCH_USER_PATHS = NO;
				CLANG_ANALYZER_NONNULL = YES;
				CLANG_ANALYZER_NUMBER_OBJECT_CONVERSION = YES_AGGRESSIVE;
				CLANG_CXX_LANGUAGE_STANDARD = "gnu++14";
				CLANG_CXX_LIBRARY = "libc++";
				CLANG_ENABLE_MODULES = YES;
				CLANG_ENABLE_OBJC_ARC = YES;
				CLANG_ENABLE_OBJC_WEAK = YES;
				CLANG_WARN_BLOCK_CAPTURE_AUTORELEASING = YES;
				CLANG_WARN_BOOL_CONVERSION = YES;
				CLANG_WARN_COMMA = YES;
				CLANG_WARN_CONSTANT_CONVERSION = YES;
				CLANG_WARN_DEPRECATED_OBJC_IMPLEMENTATIONS = YES;
				CLANG_WARN_DIRECT_OBJC_ISA_USAGE = YES_ERROR;
				CLANG_WARN_DOCUMENTATION_COMMENTS = YES;
				CLANG_WARN_EMPTY_BODY = YES;
				CLANG_WARN_ENUM_CONVERSION = YES;
				CLANG_WARN_INFINITE_RECURSION = YES;
				CLANG_WARN_INT_CONVERSION = YES;
				CLANG_WARN_NON_LITERAL_NULL_CONVERSION = YES;
				CLANG_WARN_OBJC_IMPLICIT_RETAIN_SELF = YES;
				CLANG_WARN_OBJC_LITERAL_CONVERSION = YES;
				CLANG_WARN_OBJC_ROOT_CLASS = YES_ERROR;
				CLANG_WARN_QUOTED_INCLUDE_IN_FRAMEWORK_HEADER = YES;
				CLANG_WARN_RANGE_LOOP_ANALYSIS = YES;
				CLANG_WARN_STRICT_PROTOTYPES = YES;
				CLANG_WARN_SUSPICIOUS_MOVE = YES;
				CLANG_WARN_UNGUARDED_AVAILABILITY = YES_AGGRESSIVE;
				CLANG_WARN_UNREACHABLE_CODE = YES;
				CLANG_WARN__DUPLICATE_METHOD_MATCH = YES;
				COPY_PHASE_STRIP = NO;
				DEBUG_INFORMATION_FORMAT = "dwarf-with-dsym";
				ENABLE_NS_ASSERTIONS = NO;
				ENABLE_STRICT_OBJC_MSGSEND = YES;
				GCC_C_LANGUAGE_STANDARD = gnu11;
				GCC_NO_COMMON_BLOCKS = YES;
				GCC_WARN_64_TO_32_BIT_CONVERSION = YES;
				GCC_WARN_ABOUT_RETURN_TYPE = YES_ERROR;
				GCC_WARN_UNDECLARED_SELECTOR = YES;
				GCC_WARN_UNINITIALIZED_AUTOS = YES_AGGRESSIVE;
				GCC_WARN_UNUSED_FUNCTION = YES;
				GCC_WARN_UNUSED_VARIABLE = YES;
				IPHONEOS_DEPLOYMENT_TARGET = 14.3;
				MTL_ENABLE_DEBUG_INFO = NO;
				MTL_FAST_MATH = YES;
				SDKROOT = iphoneos;
				SWIFT_COMPILATION_MODE = wholemodule;
				SWIFT_OPTIMIZATION_LEVEL = "-O";
				VALIDATE_PRODUCT = YES;
			};
			name = Release;
		};
		31AE8D6825BE069A00FEB4F7 /* Debug */ = {
			isa = XCBuildConfiguration;
			buildSettings = {
				ASSETCATALOG_COMPILER_APPICON_NAME = AppIcon;
				ASSETCATALOG_COMPILER_GLOBAL_ACCENT_COLOR_NAME = AccentColor;
				CODE_SIGN_STYLE = Automatic;
				DEVELOPMENT_ASSET_PATHS = "\"Test/Preview Content\"";
				ENABLE_PREVIEWS = YES;
				INFOPLIST_FILE = Test/Info.plist;
				IPHONEOS_DEPLOYMENT_TARGET = 14.0;
				LD_RUNPATH_SEARCH_PATHS = (
					"$(inherited)",
					"@executable_path/Frameworks",
				);
				PRODUCT_BUNDLE_IDENTIFIER = example.assignment.Test;
				PRODUCT_NAME = "$(TARGET_NAME)";
				SWIFT_VERSION = 5.0;
				TARGETED_DEVICE_FAMILY = "1,2";
			};
			name = Debug;
		};
		31AE8D6925BE069A00FEB4F7 /* Release */ = {
			isa = XCBuildConfiguration;
			buildSettings = {
				ASSETCATALOG_COMPILER_APPICON_NAME = AppIcon;
				ASSETCATALOG_COMPILER_GLOBAL_ACCENT_COLOR_NAME = AccentColor;
				CODE_SIGN_STYLE = Automatic;
				DEVELOPMENT_ASSET_PATHS = "\"Test/Preview Content\"";
				ENABLE_PREVIEWS = YES;
				INFOPLIST_FILE = Test/Info.plist;
				IPHONEOS_DEPLOYMENT_TARGET = 14.0;
				LD_RUNPATH_SEARCH_PATHS = (
					"$(inherited)",
					"@executable_path/Frameworks",
				);
				PRODUCT_BUNDLE_IDENTIFIER = example.assignment.Test;
				PRODUCT_NAME = "$(TARGET_NAME)";
				SWIFT_VERSION = 5.0;
				TARGETED_DEVICE_FAMILY = "1,2";
			};
			name = Release;
		};
		31AE8D6B25BE069A00FEB4F7 /* Debug */ = {
			isa = XCBuildConfiguration;
			buildSettings = {
				ALWAYS_EMBED_SWIFT_STANDARD_LIBRARIES = YES;
				BUNDLE_LOADER = "$(TEST_HOST)";
				CODE_SIGN_STYLE = Automatic;
				INFOPLIST_FILE = TestTests/Info.plist;
				IPHONEOS_DEPLOYMENT_TARGET = 14.0;
				LD_RUNPATH_SEARCH_PATHS = (
					"$(inherited)",
					"@executable_path/Frameworks",
					"@loader_path/Frameworks",
				);
				PRODUCT_BUNDLE_IDENTIFIER = example.assignment.TestTests;
				PRODUCT_NAME = "$(TARGET_NAME)";
				SWIFT_VERSION = 5.0;
				TARGETED_DEVICE_FAMILY = "1,2";
				TEST_HOST = "$(BUILT_PRODUCTS_DIR)/Test.app/Test";
			};
			name = Debug;
		};
		31AE8D6C25BE069A00FEB4F7 /* Release */ = {
			isa = XCBuildConfiguration;
			buildSettings = {
				ALWAYS_EMBED_SWIFT_STANDARD_LIBRARIES = YES;
				BUNDLE_LOADER = "$(TEST_HOST)";
				CODE_SIGN_STYLE = Automatic;
				INFOPLIST_FILE = TestTests/Info.plist;
				IPHONEOS_DEPLOYMENT_TARGET = 14.0;
				LD_RUNPATH_SEARCH_PATHS = (
					"$(inherited)",
					"@executable_path/Frameworks",
					"@loader_path/Frameworks",
				);
				PRODUCT_BUNDLE_IDENTIFIER = example.assignment.TestTests;
				PRODUCT_NAME = "$(TARGET_NAME)";
				SWIFT_VERSION = 5.0;
				TARGETED_DEVICE_FAMILY = "1,2";
				TEST_HOST = "$(BUILT_PRODUCTS_DIR)/Test.app/Test";
			};
			name = Release;
		};
		31AE8D6E25BE069A00FEB4F7 /* Debug */ = {
			isa = XCBuildConfiguration;
			buildSettings = {
				ALWAYS_EMBED_SWIFT_STANDARD_LIBRARIES = YES;
				CODE_SIGN_STYLE = Automatic;
				INFOPLIST_FILE = TestUITests/Info.plist;
				LD_RUNPATH_SEARCH_PATHS = (
					"$(inherited)",
					"@executable_path/Frameworks",
					"@loader_path/Frameworks",
				);
				PRODUCT_BUNDLE_IDENTIFIER = example.assignment.TestUITests;
				PRODUCT_NAME = "$(TARGET_NAME)";
				SWIFT_VERSION = 5.0;
				TARGETED_DEVICE_FAMILY = "1,2";
				TEST_TARGET_NAME = Test;
			};
			name = Debug;
		};
		31AE8D6F25BE069A00FEB4F7 /* Release */ = {
			isa = XCBuildConfiguration;
			buildSettings = {
				ALWAYS_EMBED_SWIFT_STANDARD_LIBRARIES = YES;
				CODE_SIGN_STYLE = Automatic;
				INFOPLIST_FILE = TestUITests/Info.plist;
				LD_RUNPATH_SEARCH_PATHS = (
					"$(inherited)",
					"@executable_path/Frameworks",
					"@loader_path/Frameworks",
				);
				PRODUCT_BUNDLE_IDENTIFIER = example.assignment.TestUITests;
				PRODUCT_NAME = "$(TARGET_NAME)";
				SWIFT_VERSION = 5.0;
				TARGETED_DEVICE_FAMILY = "1,2";
				TEST_TARGET_NAME = Test;
			};
			name = Release;
		};
/* End XCBuildConfiguration section */

/* Begin XCConfigurationList section */
		31AE8D3D25BE069700FEB4F7 /* Build configuration list for PBXProject "Test" */ = {
			isa = XCConfigurationList;
			buildConfigurations = (
				31AE8D6525BE069A00FEB4F7 /* Debug */,
				31AE8D6625BE069A00FEB4F7 /* Release */,
			);
			defaultConfigurationIsVisible = 0;
			defaultConfigurationName = Release;
		};
		31AE8D6725BE069A00FEB4F7 /* Build configuration list for PBXNativeTarget "Test" */ = {
			isa = XCConfigurationList;
			buildConfigurations = (
				31AE8D6825BE069A00FEB4F7 /* Debug */,
				31AE8D6925BE069A00FEB4F7 /* Release */,
			);
			defaultConfigurationIsVisible = 0;
			defaultConfigurationName = Release;
		};
		31AE8D6A25BE069A00FEB4F7 /* Build configuration list for PBXNativeTarget "TestTests" */ = {
			isa = XCConfigurationList;
			buildConfigurations = (
				31AE8D6B25BE069A00FEB4F7 /* Debug */,
				31AE8D6C25BE069A00FEB4F7 /* Release */,
			);
			defaultConfigurationIsVisible = 0;
			defaultConfigurationName = Release;
		};
		31AE8D6D25BE069A00FEB4F7 /* Build configuration list for PBXNativeTarget "TestUITests" */ = {
			isa = XCConfigurationList;
			buildConfigurations = (
				31AE8D6E25BE069A00FEB4F7 /* Debug */,
				31AE8D6F25BE069A00FEB4F7 /* Release */,
			);
			defaultConfigurationIsVisible = 0;
			defaultConfigurationName = Release;
		};
/* End XCConfigurationList section */
	};
	rootObject = 31AE8D3A25BE069700FEB4F7 /* Project object */;
}
